
Microsoft Visual Studio Solution File, Format Version 12.00
# Visual Studio Version 16
VisualStudioVersion = 16.0.29324.140
MinimumVisualStudioVersion = 10.0.40219.1
Project("{F184B08F-C81C-45F6-A57F-5ABD9991F28F}") = "Tablas1", "Tablas1.vbproj", "{58E58621-97F7-4C5B-B356-2C3C458FA716}"
EndProject
Global
	GlobalSection(SolutionConfigurationPlatforms) = preSolution
		Debug|Any CPU = Debug|Any CPU
		Release|Any CPU = Release|Any CPU
	EndGlobalSection
	GlobalSection(ProjectConfigurationPlatforms) = postSolution
		{58E58621-97F7-4C5B-B356-2C3C458FA716}.Debug|Any CPU.ActiveCfg = Debug|Any CPU
		{58E58621-97F7-4C5B-B356-2C3C458FA716}.Debug|Any CPU.Build.0 = Debug|Any CPU
		{58E58621-97F7-4C5B-B356-2C3C458FA716}.Release|Any CPU.ActiveCfg = Release|Any CPU
		{58E58621-97F7-4C5B-B356-2C3C458FA716}.Release|Any CPU.Build.0 = Release|Any CPU
	EndGlobalSection
	GlobalSection(SolutionProperties) = preSolution
		HideSolutionNode = FALSE
	EndGlobalSection
	GlobalSection(ExtensibilityGlobals) = postSolution
		SolutionGuid = {F2E8AB31-FEFC-4097-9654-BAFB42F82DD7}
	EndGlobalSection
EndGlobal
